
Microsoft Visual Studio Solution File, Format Version 12.00
# Visual Studio 15
VisualStudioVersion = 15.0.26730.8
MinimumVisualStudioVersion = 10.0.40219.1
Project("{FAE04EC0-301F-11D3-BF4B-00C04F79EFBC}") = "EShop.Automation", "EShop.Automation\EShop.Automation.csproj", "{1F3661FB-1DEB-41A7-A713-936A25F6A02A}"
EndProject
Project("{FAE04EC0-301F-11D3-BF4B-00C04F79EFBC}") = "EShop.Automation.Test", "EShop.Automation.Test\EShop.Automation.Test.csproj", "{A9F8ADA3-8DA2-43A8-8E3B-1480E8027553}"
EndProject
Project("{FAE04EC0-301F-11D3-BF4B-00C04F79EFBC}") = "EShop.Automation.Console", "EShop.Automation.Console\EShop.Automation.Console.csproj", "{DC62AFE1-51FA-46FA-9BFA-B32A8CE817F6}"
EndProject
Global
	GlobalSection(SolutionConfigurationPlatforms) = preSolution
		Debug|Any CPU = Debug|Any CPU
		Release|Any CPU = Release|Any CPU
	EndGlobalSection
	GlobalSection(ProjectConfigurationPlatforms) = postSolution
		{1F3661FB-1DEB-41A7-A713-936A25F6A02A}.Debug|Any CPU.ActiveCfg = Debug|Any CPU
		{1F3661FB-1DEB-41A7-A713-936A25F6A02A}.Debug|Any CPU.Build.0 = Debug|Any CPU
		{1F3661FB-1DEB-41A7-A713-936A25F6A02A}.Release|Any CPU.ActiveCfg = Release|Any CPU
		{1F3661FB-1DEB-41A7-A713-936A25F6A02A}.Release|Any CPU.Build.0 = Release|Any CPU
		{A9F8ADA3-8DA2-43A8-8E3B-1480E8027553}.Debug|Any CPU.ActiveCfg = Debug|Any CPU
		{A9F8ADA3-8DA2-43A8-8E3B-1480E8027553}.Debug|Any CPU.Build.0 = Debug|Any CPU
		{A9F8ADA3-8DA2-43A8-8E3B-1480E8027553}.Release|Any CPU.ActiveCfg = Release|Any CPU
		{A9F8ADA3-8DA2-43A8-8E3B-1480E8027553}.Release|Any CPU.Build.0 = Release|Any CPU
		{DC62AFE1-51FA-46FA-9BFA-B32A8CE817F6}.Debug|Any CPU.ActiveCfg = Debug|Any CPU
		{DC62AFE1-51FA-46FA-9BFA-B32A8CE817F6}.Debug|Any CPU.Build.0 = Debug|Any CPU
		{DC62AFE1-51FA-46FA-9BFA-B32A8CE817F6}.Release|Any CPU.ActiveCfg = Release|Any CPU
		{DC62AFE1-51FA-46FA-9BFA-B32A8CE817F6}.Release|Any CPU.Build.0 = Release|Any CPU
	EndGlobalSection
	GlobalSection(SolutionProperties) = preSolution
		HideSolutionNode = FALSE
	EndGlobalSection
	GlobalSection(ExtensibilityGlobals) = postSolution
		SolutionGuid = {58181817-FBB0-44F2-9588-3FFBE261BA99}
	EndGlobalSection
EndGlobal
